// !$*UTF8*$!
{
	archiveVersion = 1;
	classes = {
	};
	objectVersion = 46;
	objects = {

/* Begin PBXBuildFile section */
		8B2E82381E77DDB4008AECAB /* NSObject+WJAddForKVO.m in Sources */ = {isa = PBXBuildFile; fileRef = 8B2E82371E77DDB4008AECAB /* NSObject+WJAddForKVO.m */; };
		8B2E823B1E77F60F008AECAB /* NSString+WJAdd.m in Sources */ = {isa = PBXBuildFile; fileRef = 8B2E823A1E77F60F008AECAB /* NSString+WJAdd.m */; };
		8B2E823E1E781EFE008AECAB /* NSNumber+WJAdd.m in Sources */ = {isa = PBXBuildFile; fileRef = 8B2E823D1E781EFE008AECAB /* NSNumber+WJAdd.m */; };
		8B2E82411E781FF7008AECAB /* NSData+WJAdd.m in Sources */ = {isa = PBXBuildFile; fileRef = 8B2E82401E781FF7008AECAB /* NSData+WJAdd.m */; };
		8B6E61DE1E6D97BA001DAA39 /* UIViewController+WJAdd.m in Sources */ = {isa = PBXBuildFile; fileRef = 8B6E61DD1E6D97BA001DAA39 /* UIViewController+WJAdd.m */; };
		8B7A21FF1E6D52040008727C /* main.m in Sources */ = {isa = PBXBuildFile; fileRef = 8B7A21FE1E6D52040008727C /* main.m */; };
		8B7A22021E6D52040008727C /* AppDelegate.m in Sources */ = {isa = PBXBuildFile; fileRef = 8B7A22011E6D52040008727C /* AppDelegate.m */; };
		8B7A22051E6D52040008727C /* ViewController.m in Sources */ = {isa = PBXBuildFile; fileRef = 8B7A22041E6D52040008727C /* ViewController.m */; };
		8B7A22081E6D52040008727C /* Main.storyboard in Resources */ = {isa = PBXBuildFile; fileRef = 8B7A22061E6D52040008727C /* Main.storyboard */; };
		8B7A220A1E6D52040008727C /* Assets.xcassets in Resources */ = {isa = PBXBuildFile; fileRef = 8B7A22091E6D52040008727C /* Assets.xcassets */; };
		8B7A220D1E6D52040008727C /* LaunchScreen.storyboard in Resources */ = {isa = PBXBuildFile; fileRef = 8B7A220B1E6D52040008727C /* LaunchScreen.storyboard */; };
		8B7A223A1E6D53BC0008727C /* NSObject+WJAdd.m in Sources */ = {isa = PBXBuildFile; fileRef = 8B7A22391E6D53BC0008727C /* NSObject+WJAdd.m */; };
		CC342C3C1E7964B9004EAA2F /* NSArray+WJAdd.m in Sources */ = {isa = PBXBuildFile; fileRef = CC342C3B1E7964B9004EAA2F /* NSArray+WJAdd.m */; };
		CC3F18381E7A2C8600C711AD /* NSDictionary+WJAdd.m in Sources */ = {isa = PBXBuildFile; fileRef = CC3F18371E7A2C8600C711AD /* NSDictionary+WJAdd.m */; };
		CC3F183B1E7A345300C711AD /* NSDate+WJAdd.m in Sources */ = {isa = PBXBuildFile; fileRef = CC3F183A1E7A345300C711AD /* NSDate+WJAdd.m */; };
		CC3F183E1E7A692600C711AD /* libz.tbd in Frameworks */ = {isa = PBXBuildFile; fileRef = CC3F183D1E7A692600C711AD /* libz.tbd */; };
		CC3F18411E7A7EB800C711AD /* UIView+WJAdd.m in Sources */ = {isa = PBXBuildFile; fileRef = CC3F18401E7A7EB800C711AD /* UIView+WJAdd.m */; };
		CC3F18441E7AB46D00C711AD /* UIColor+WJAdd.m in Sources */ = {isa = PBXBuildFile; fileRef = CC3F18431E7AB46D00C711AD /* UIColor+WJAdd.m */; };
		CC4EFF631E8FB07500BD9E30 /* two_cat@3x.png in Resources */ = {isa = PBXBuildFile; fileRef = CC4EFF621E8FB07500BD9E30 /* two_cat@3x.png */; };
		CC525C281E9F9D85008CD9FB /* WJImage.m in Sources */ = {isa = PBXBuildFile; fileRef = CC525C271E9F9D85008CD9FB /* WJImage.m */; };
		CC525C2E1E9FA0B6008CD9FB /* WJAnimatedImageView.m in Sources */ = {isa = PBXBuildFile; fileRef = CC525C2D1E9FA0B6008CD9FB /* WJAnimatedImageView.m */; };
		CC525C311E9FAA1D008CD9FB /* NSBundle+WJAdd.m in Sources */ = {isa = PBXBuildFile; fileRef = CC525C301E9FAA1D008CD9FB /* NSBundle+WJAdd.m */; };
		CC525C341E9FAEC7008CD9FB /* WJImageCoder.m in Sources */ = {isa = PBXBuildFile; fileRef = CC525C331E9FAEC7008CD9FB /* WJImageCoder.m */; };
		CC59CCB71E95DC0800D440F6 /* UIScrollView+WJAdd.m in Sources */ = {isa = PBXBuildFile; fileRef = CC59CCB61E95DC0800D440F6 /* UIScrollView+WJAdd.m */; };
		CC600CA21EA064BA007B2FA9 /* WebP.framework in Frameworks */ = {isa = PBXBuildFile; fileRef = CC600CA11EA064BA007B2FA9 /* WebP.framework */; };
		CC602ED01E9CFC63000615E4 /* UIApplication+WJAdd.m in Sources */ = {isa = PBXBuildFile; fileRef = CC602ECF1E9CFC63000615E4 /* UIApplication+WJAdd.m */; };
		CC64A5F21EAD9FF10002F3EE /* WJWeakProxy.m in Sources */ = {isa = PBXBuildFile; fileRef = CC64A5F11EAD9FF10002F3EE /* WJWeakProxy.m */; };
		CC98B8241E972F6A0034FD81 /* UIDevice+WJAdd.m in Sources */ = {isa = PBXBuildFile; fileRef = CC98B8231E972F6A0034FD81 /* UIDevice+WJAdd.m */; };
		CCC7FB211E8B588A00B1152B /* WJCGUtilities.m in Sources */ = {isa = PBXBuildFile; fileRef = CCC7FB201E8B588A00B1152B /* WJCGUtilities.m */; };
		CCD58C3F1E9DC94600A5D56D /* UIFont+WJAdd.m in Sources */ = {isa = PBXBuildFile; fileRef = CCD58C3E1E9DC94600A5D56D /* UIFont+WJAdd.m */; };
		CCEAC08C1E7BCF10008E456B /* UIImage+WJAdd.m in Sources */ = {isa = PBXBuildFile; fileRef = CCEAC08B1E7BCF10008E456B /* UIImage+WJAdd.m */; };
		CCEAC10F1E7BDD97008E456B /* dribbble128_imageio.png in Resources */ = {isa = PBXBuildFile; fileRef = CCEAC0E51E7BDD97008E456B /* dribbble128_imageio.png */; };
		CCEAC1101E7BDD97008E456B /* dribbble256_imageio.png in Resources */ = {isa = PBXBuildFile; fileRef = CCEAC0E61E7BDD97008E456B /* dribbble256_imageio.png */; };
		CCEAC1111E7BDD97008E456B /* dribbble512_imageio.png in Resources */ = {isa = PBXBuildFile; fileRef = CCEAC0E71E7BDD97008E456B /* dribbble512_imageio.png */; };
		CCEAC1121E7BDD97008E456B /* dribbble64_imageio.png in Resources */ = {isa = PBXBuildFile; fileRef = CCEAC0E81E7BDD97008E456B /* dribbble64_imageio.png */; };
		CCEAC1131E7BDD97008E456B /* ermilio.gif in Resources */ = {isa = PBXBuildFile; fileRef = CCEAC0E91E7BDD97008E456B /* ermilio.gif */; };
		CCEAC1141E7BDD97008E456B /* ermilio.png in Resources */ = {isa = PBXBuildFile; fileRef = CCEAC0EA1E7BDD97008E456B /* ermilio.png */; };
		CCEAC1151E7BDD97008E456B /* ermilio_lossless.bpg in Resources */ = {isa = PBXBuildFile; fileRef = CCEAC0EB1E7BDD97008E456B /* ermilio_lossless.bpg */; };
		CCEAC1161E7BDD97008E456B /* ermilio_lossless.webp in Resources */ = {isa = PBXBuildFile; fileRef = CCEAC0EC1E7BDD97008E456B /* ermilio_lossless.webp */; };
		CCEAC1171E7BDD97008E456B /* ermilio_q15.bpg in Resources */ = {isa = PBXBuildFile; fileRef = CCEAC0ED1E7BDD97008E456B /* ermilio_q15.bpg */; };
		CCEAC1181E7BDD97008E456B /* ermilio_q20.bpg in Resources */ = {isa = PBXBuildFile; fileRef = CCEAC0EE1E7BDD97008E456B /* ermilio_q20.bpg */; };
		CCEAC1191E7BDD97008E456B /* ermilio_q85.webp in Resources */ = {isa = PBXBuildFile; fileRef = CCEAC0EF1E7BDD97008E456B /* ermilio_q85.webp */; };
		CCEAC11A1E7BDD97008E456B /* ermilio_q90.webp in Resources */ = {isa = PBXBuildFile; fileRef = CCEAC0F01E7BDD97008E456B /* ermilio_q90.webp */; };
		CCEAC11B1E7BDD97008E456B /* cube@2x.png in Resources */ = {isa = PBXBuildFile; fileRef = CCEAC0F11E7BDD97008E456B /* cube@2x.png */; };
		CCEAC11C1E7BDD97008E456B /* EmoticonQQ.bundle in Resources */ = {isa = PBXBuildFile; fileRef = CCEAC0F21E7BDD97008E456B /* EmoticonQQ.bundle */; };
		CCEAC11D1E7BDD97008E456B /* EmoticonWeibo.bundle in Resources */ = {isa = PBXBuildFile; fileRef = CCEAC0F31E7BDD97008E456B /* EmoticonWeibo.bundle */; };
		CCEAC11E1E7BDD97008E456B /* google@2x.webp in Resources */ = {isa = PBXBuildFile; fileRef = CCEAC0F41E7BDD97008E456B /* google@2x.webp */; };
		CCEAC11F1E7BDD97008E456B /* mew_baseline.gif in Resources */ = {isa = PBXBuildFile; fileRef = CCEAC0F51E7BDD97008E456B /* mew_baseline.gif */; };
		CCEAC1201E7BDD97008E456B /* mew_baseline.jpg in Resources */ = {isa = PBXBuildFile; fileRef = CCEAC0F61E7BDD97008E456B /* mew_baseline.jpg */; };
		CCEAC1211E7BDD97008E456B /* mew_baseline.png in Resources */ = {isa = PBXBuildFile; fileRef = CCEAC0F71E7BDD97008E456B /* mew_baseline.png */; };
		CCEAC1221E7BDD97008E456B /* mew_interlaced.gif in Resources */ = {isa = PBXBuildFile; fileRef = CCEAC0F81E7BDD97008E456B /* mew_interlaced.gif */; };
		CCEAC1231E7BDD97008E456B /* mew_interlaced.png in Resources */ = {isa = PBXBuildFile; fileRef = CCEAC0F91E7BDD97008E456B /* mew_interlaced.png */; };
		CCEAC1241E7BDD97008E456B /* mew_progressive.jpg in Resources */ = {isa = PBXBuildFile; fileRef = CCEAC0FA1E7BDD97008E456B /* mew_progressive.jpg */; };
		CCEAC1251E7BDD97008E456B /* niconiconi@2x.gif in Resources */ = {isa = PBXBuildFile; fileRef = CCEAC0FB1E7BDD97008E456B /* niconiconi@2x.gif */; };
		CCEAC1261E7BDD97008E456B /* nyancat@2x.webp in Resources */ = {isa = PBXBuildFile; fileRef = CCEAC0FC1E7BDD97008E456B /* nyancat@2x.webp */; };
		CCEAC1271E7BDD97008E456B /* pia@2x.png in Resources */ = {isa = PBXBuildFile; fileRef = CCEAC0FD1E7BDD97008E456B /* pia@2x.png */; };
		CCEAC1281E7BDD97008E456B /* ResourceTwitter.bundle in Resources */ = {isa = PBXBuildFile; fileRef = CCEAC0FE1E7BDD97008E456B /* ResourceTwitter.bundle */; };
		CCEAC1291E7BDD97008E456B /* ResourceWeibo.bundle in Resources */ = {isa = PBXBuildFile; fileRef = CCEAC0FF1E7BDD97008E456B /* ResourceWeibo.bundle */; };
		CCEAC12A1E7BDD97008E456B /* Twitter@3x.jpg in Resources */ = {isa = PBXBuildFile; fileRef = CCEAC1001E7BDD97008E456B /* Twitter@3x.jpg */; };
		CCEAC12F1E7BDD97008E456B /* wall-e@2x.webp in Resources */ = {isa = PBXBuildFile; fileRef = CCEAC1051E7BDD97008E456B /* wall-e@2x.webp */; };
		CCEAC1301E7BDD97008E456B /* Weibo@3x.jpg in Resources */ = {isa = PBXBuildFile; fileRef = CCEAC1061E7BDD97008E456B /* Weibo@3x.jpg */; };
		CCEAC1461E7BDDC8008E456B /* twitter_0.json in Resources */ = {isa = PBXBuildFile; fileRef = CCEAC13A1E7BDDC8008E456B /* twitter_0.json */; };
		CCEAC1471E7BDDC8008E456B /* twitter_1.json in Resources */ = {isa = PBXBuildFile; fileRef = CCEAC13B1E7BDDC8008E456B /* twitter_1.json */; };
		CCEAC1481E7BDDC8008E456B /* twitter_2.json in Resources */ = {isa = PBXBuildFile; fileRef = CCEAC13C1E7BDDC8008E456B /* twitter_2.json */; };
		CCEAC1491E7BDDC8008E456B /* twitter_3.json in Resources */ = {isa = PBXBuildFile; fileRef = CCEAC13D1E7BDDC8008E456B /* twitter_3.json */; };
		CCEAC14A1E7BDDC8008E456B /* weibo_0.json in Resources */ = {isa = PBXBuildFile; fileRef = CCEAC13E1E7BDDC8008E456B /* weibo_0.json */; };
		CCEAC14B1E7BDDC8008E456B /* weibo_1.json in Resources */ = {isa = PBXBuildFile; fileRef = CCEAC13F1E7BDDC8008E456B /* weibo_1.json */; };
		CCEAC14C1E7BDDC8008E456B /* weibo_2.json in Resources */ = {isa = PBXBuildFile; fileRef = CCEAC1401E7BDDC8008E456B /* weibo_2.json */; };
		CCEAC14D1E7BDDC8008E456B /* weibo_3.json in Resources */ = {isa = PBXBuildFile; fileRef = CCEAC1411E7BDDC8008E456B /* weibo_3.json */; };
		CCEAC14E1E7BDDC8008E456B /* weibo_4.json in Resources */ = {isa = PBXBuildFile; fileRef = CCEAC1421E7BDDC8008E456B /* weibo_4.json */; };
		CCEAC14F1E7BDDC8008E456B /* weibo_5.json in Resources */ = {isa = PBXBuildFile; fileRef = CCEAC1431E7BDDC8008E456B /* weibo_5.json */; };
		CCEAC1501E7BDDC8008E456B /* weibo_6.json in Resources */ = {isa = PBXBuildFile; fileRef = CCEAC1441E7BDDC8008E456B /* weibo_6.json */; };
		CCEAC1511E7BDDC8008E456B /* weibo_7.json in Resources */ = {isa = PBXBuildFile; fileRef = CCEAC1451E7BDDC8008E456B /* weibo_7.json */; };
/* End PBXBuildFile section */

/* Begin PBXContainerItemProxy section */
		8B7A22141E6D52040008727C /* PBXContainerItemProxy */ = {
			isa = PBXContainerItemProxy;
			containerPortal = 8B7A21F21E6D52040008727C /* Project object */;
			proxyType = 1;
			remoteGlobalIDString = 8B7A21F91E6D52040008727C;
			remoteInfo = WJKit;
		};
		8B7A221F1E6D52050008727C /* PBXContainerItemProxy */ = {
			isa = PBXContainerItemProxy;
			containerPortal = 8B7A21F21E6D52040008727C /* Project object */;
			proxyType = 1;
			remoteGlobalIDString = 8B7A21F91E6D52040008727C;
			remoteInfo = WJKit;
		};
/* End PBXContainerItemProxy section */

/* Begin PBXFileReference section */
		8B2E82351E77DC2A008AECAB /* WJKitMacro.h */ = {isa = PBXFileReference; lastKnownFileType = sourcecode.c.h; path = WJKitMacro.h; sourceTree = "<group>"; };
		8B2E82361E77DDB4008AECAB /* NSObject+WJAddForKVO.h */ = {isa = PBXFileReference; fileEncoding = 4; lastKnownFileType = sourcecode.c.h; path = "NSObject+WJAddForKVO.h"; sourceTree = "<group>"; };
		8B2E82371E77DDB4008AECAB /* NSObject+WJAddForKVO.m */ = {isa = PBXFileReference; fileEncoding = 4; lastKnownFileType = sourcecode.c.objc; path = "NSObject+WJAddForKVO.m"; sourceTree = "<group>"; };
		8B2E82391E77F60F008AECAB /* NSString+WJAdd.h */ = {isa = PBXFileReference; fileEncoding = 4; lastKnownFileType = sourcecode.c.h; path = "NSString+WJAdd.h"; sourceTree = "<group>"; };
		8B2E823A1E77F60F008AECAB /* NSString+WJAdd.m */ = {isa = PBXFileReference; fileEncoding = 4; lastKnownFileType = sourcecode.c.objc; path = "NSString+WJAdd.m"; sourceTree = "<group>"; };
		8B2E823C1E781EFE008AECAB /* NSNumber+WJAdd.h */ = {isa = PBXFileReference; fileEncoding = 4; lastKnownFileType = sourcecode.c.h; path = "NSNumber+WJAdd.h"; sourceTree = "<group>"; };
		8B2E823D1E781EFE008AECAB /* NSNumber+WJAdd.m */ = {isa = PBXFileReference; fileEncoding = 4; lastKnownFileType = sourcecode.c.objc; path = "NSNumber+WJAdd.m"; sourceTree = "<group>"; };
		8B2E823F1E781FF7008AECAB /* NSData+WJAdd.h */ = {isa = PBXFileReference; fileEncoding = 4; lastKnownFileType = sourcecode.c.h; path = "NSData+WJAdd.h"; sourceTree = "<group>"; };
		8B2E82401E781FF7008AECAB /* NSData+WJAdd.m */ = {isa = PBXFileReference; fileEncoding = 4; lastKnownFileType = sourcecode.c.objc; path = "NSData+WJAdd.m"; sourceTree = "<group>"; };
		8B6E61DC1E6D97BA001DAA39 /* UIViewController+WJAdd.h */ = {isa = PBXFileReference; fileEncoding = 4; lastKnownFileType = sourcecode.c.h; path = "UIViewController+WJAdd.h"; sourceTree = "<group>"; };
		8B6E61DD1E6D97BA001DAA39 /* UIViewController+WJAdd.m */ = {isa = PBXFileReference; fileEncoding = 4; lastKnownFileType = sourcecode.c.objc; path = "UIViewController+WJAdd.m"; sourceTree = "<group>"; };
		8B7A21FA1E6D52040008727C /* WJKit.app */ = {isa = PBXFileReference; explicitFileType = wrapper.application; includeInIndex = 0; path = WJKit.app; sourceTree = BUILT_PRODUCTS_DIR; };
		8B7A21FE1E6D52040008727C /* main.m */ = {isa = PBXFileReference; lastKnownFileType = sourcecode.c.objc; path = main.m; sourceTree = "<group>"; };
		8B7A22001E6D52040008727C /* AppDelegate.h */ = {isa = PBXFileReference; lastKnownFileType = sourcecode.c.h; path = AppDelegate.h; sourceTree = "<group>"; };
		8B7A22011E6D52040008727C /* AppDelegate.m */ = {isa = PBXFileReference; lastKnownFileType = sourcecode.c.objc; path = AppDelegate.m; sourceTree = "<group>"; };
		8B7A22031E6D52040008727C /* ViewController.h */ = {isa = PBXFileReference; lastKnownFileType = sourcecode.c.h; path = ViewController.h; sourceTree = "<group>"; };
		8B7A22041E6D52040008727C /* ViewController.m */ = {isa = PBXFileReference; lastKnownFileType = sourcecode.c.objc; path = ViewController.m; sourceTree = "<group>"; };
		8B7A22071E6D52040008727C /* Base */ = {isa = PBXFileReference; lastKnownFileType = file.storyboard; name = Base; path = Base.lproj/Main.storyboard; sourceTree = "<group>"; };
		8B7A22091E6D52040008727C /* Assets.xcassets */ = {isa = PBXFileReference; lastKnownFileType = folder.assetcatalog; path = Assets.xcassets; sourceTree = "<group>"; };
		8B7A220C1E6D52040008727C /* Base */ = {isa = PBXFileReference; lastKnownFileType = file.storyboard; name = Base; path = Base.lproj/LaunchScreen.storyboard; sourceTree = "<group>"; };
		8B7A220E1E6D52040008727C /* Info.plist */ = {isa = PBXFileReference; lastKnownFileType = text.plist.xml; path = Info.plist; sourceTree = "<group>"; };
		8B7A22131E6D52040008727C /* WJKitTests.xctest */ = {isa = PBXFileReference; explicitFileType = wrapper.cfbundle; includeInIndex = 0; path = WJKitTests.xctest; sourceTree = BUILT_PRODUCTS_DIR; };
		8B7A221E1E6D52050008727C /* WJKitUITests.xctest */ = {isa = PBXFileReference; explicitFileType = wrapper.cfbundle; includeInIndex = 0; path = WJKitUITests.xctest; sourceTree = BUILT_PRODUCTS_DIR; };
		8B7A22381E6D53BC0008727C /* NSObject+WJAdd.h */ = {isa = PBXFileReference; fileEncoding = 4; lastKnownFileType = sourcecode.c.h; path = "NSObject+WJAdd.h"; sourceTree = "<group>"; };
		8B7A22391E6D53BC0008727C /* NSObject+WJAdd.m */ = {isa = PBXFileReference; fileEncoding = 4; lastKnownFileType = sourcecode.c.objc; path = "NSObject+WJAdd.m"; sourceTree = "<group>"; };
		CC342C3A1E7964B9004EAA2F /* NSArray+WJAdd.h */ = {isa = PBXFileReference; fileEncoding = 4; lastKnownFileType = sourcecode.c.h; path = "NSArray+WJAdd.h"; sourceTree = "<group>"; };
		CC342C3B1E7964B9004EAA2F /* NSArray+WJAdd.m */ = {isa = PBXFileReference; fileEncoding = 4; lastKnownFileType = sourcecode.c.objc; path = "NSArray+WJAdd.m"; sourceTree = "<group>"; };
		CC3F18361E7A2C8600C711AD /* NSDictionary+WJAdd.h */ = {isa = PBXFileReference; fileEncoding = 4; lastKnownFileType = sourcecode.c.h; path = "NSDictionary+WJAdd.h"; sourceTree = "<group>"; };
		CC3F18371E7A2C8600C711AD /* NSDictionary+WJAdd.m */ = {isa = PBXFileReference; fileEncoding = 4; lastKnownFileType = sourcecode.c.objc; path = "NSDictionary+WJAdd.m"; sourceTree = "<group>"; };
		CC3F18391E7A345300C711AD /* NSDate+WJAdd.h */ = {isa = PBXFileReference; fileEncoding = 4; lastKnownFileType = sourcecode.c.h; path = "NSDate+WJAdd.h"; sourceTree = "<group>"; };
		CC3F183A1E7A345300C711AD /* NSDate+WJAdd.m */ = {isa = PBXFileReference; fileEncoding = 4; lastKnownFileType = sourcecode.c.objc; path = "NSDate+WJAdd.m"; sourceTree = "<group>"; };
		CC3F183D1E7A692600C711AD /* libz.tbd */ = {isa = PBXFileReference; lastKnownFileType = "sourcecode.text-based-dylib-definition"; name = libz.tbd; path = usr/lib/libz.tbd; sourceTree = SDKROOT; };
		CC3F183F1E7A7EB800C711AD /* UIView+WJAdd.h */ = {isa = PBXFileReference; fileEncoding = 4; lastKnownFileType = sourcecode.c.h; path = "UIView+WJAdd.h"; sourceTree = "<group>"; };
		CC3F18401E7A7EB800C711AD /* UIView+WJAdd.m */ = {isa = PBXFileReference; fileEncoding = 4; lastKnownFileType = sourcecode.c.objc; path = "UIView+WJAdd.m"; sourceTree = "<group>"; };
		CC3F18421E7AB46D00C711AD /* UIColor+WJAdd.h */ = {isa = PBXFileReference; fileEncoding = 4; lastKnownFileType = sourcecode.c.h; path = "UIColor+WJAdd.h"; sourceTree = "<group>"; };
		CC3F18431E7AB46D00C711AD /* UIColor+WJAdd.m */ = {isa = PBXFileReference; fileEncoding = 4; lastKnownFileType = sourcecode.c.objc; path = "UIColor+WJAdd.m"; sourceTree = "<group>"; };
		CC4EFF621E8FB07500BD9E30 /* two_cat@3x.png */ = {isa = PBXFileReference; lastKnownFileType = image.png; path = "two_cat@3x.png"; sourceTree = "<group>"; };
		CC525C261E9F9D85008CD9FB /* WJImage.h */ = {isa = PBXFileReference; fileEncoding = 4; lastKnownFileType = sourcecode.c.h; path = WJImage.h; sourceTree = "<group>"; };
		CC525C271E9F9D85008CD9FB /* WJImage.m */ = {isa = PBXFileReference; fileEncoding = 4; lastKnownFileType = sourcecode.c.objc; path = WJImage.m; sourceTree = "<group>"; };
		CC525C2C1E9FA0B6008CD9FB /* WJAnimatedImageView.h */ = {isa = PBXFileReference; fileEncoding = 4; lastKnownFileType = sourcecode.c.h; path = WJAnimatedImageView.h; sourceTree = "<group>"; };
		CC525C2D1E9FA0B6008CD9FB /* WJAnimatedImageView.m */ = {isa = PBXFileReference; fileEncoding = 4; lastKnownFileType = sourcecode.c.objc; path = WJAnimatedImageView.m; sourceTree = "<group>"; };
		CC525C2F1E9FAA1D008CD9FB /* NSBundle+WJAdd.h */ = {isa = PBXFileReference; fileEncoding = 4; lastKnownFileType = sourcecode.c.h; path = "NSBundle+WJAdd.h"; sourceTree = "<group>"; };
		CC525C301E9FAA1D008CD9FB /* NSBundle+WJAdd.m */ = {isa = PBXFileReference; fileEncoding = 4; lastKnownFileType = sourcecode.c.objc; path = "NSBundle+WJAdd.m"; sourceTree = "<group>"; };
		CC525C321E9FAEC7008CD9FB /* WJImageCoder.h */ = {isa = PBXFileReference; fileEncoding = 4; lastKnownFileType = sourcecode.c.h; path = WJImageCoder.h; sourceTree = "<group>"; };
		CC525C331E9FAEC7008CD9FB /* WJImageCoder.m */ = {isa = PBXFileReference; fileEncoding = 4; lastKnownFileType = sourcecode.c.objc; path = WJImageCoder.m; sourceTree = "<group>"; };
		CC59CCB51E95DC0800D440F6 /* UIScrollView+WJAdd.h */ = {isa = PBXFileReference; fileEncoding = 4; lastKnownFileType = sourcecode.c.h; path = "UIScrollView+WJAdd.h"; sourceTree = "<group>"; };
		CC59CCB61E95DC0800D440F6 /* UIScrollView+WJAdd.m */ = {isa = PBXFileReference; fileEncoding = 4; lastKnownFileType = sourcecode.c.objc; path = "UIScrollView+WJAdd.m"; sourceTree = "<group>"; };
		CC600CA11EA064BA007B2FA9 /* WebP.framework */ = {isa = PBXFileReference; lastKnownFileType = wrapper.framework; path = WebP.framework; sourceTree = "<group>"; };
		CC602ECE1E9CFC63000615E4 /* UIApplication+WJAdd.h */ = {isa = PBXFileReference; fileEncoding = 4; lastKnownFileType = sourcecode.c.h; path = "UIApplication+WJAdd.h"; sourceTree = "<group>"; };
		CC602ECF1E9CFC63000615E4 /* UIApplication+WJAdd.m */ = {isa = PBXFileReference; fileEncoding = 4; lastKnownFileType = sourcecode.c.objc; path = "UIApplication+WJAdd.m"; sourceTree = "<group>"; };
		CC64A5F01EAD9FF10002F3EE /* WJWeakProxy.h */ = {isa = PBXFileReference; fileEncoding = 4; lastKnownFileType = sourcecode.c.h; path = WJWeakProxy.h; sourceTree = "<group>"; };
		CC64A5F11EAD9FF10002F3EE /* WJWeakProxy.m */ = {isa = PBXFileReference; fileEncoding = 4; lastKnownFileType = sourcecode.c.objc; path = WJWeakProxy.m; sourceTree = "<group>"; };
		CC98B8221E972F6A0034FD81 /* UIDevice+WJAdd.h */ = {isa = PBXFileReference; fileEncoding = 4; lastKnownFileType = sourcecode.c.h; path = "UIDevice+WJAdd.h"; sourceTree = "<group>"; };
		CC98B8231E972F6A0034FD81 /* UIDevice+WJAdd.m */ = {isa = PBXFileReference; fileEncoding = 4; lastKnownFileType = sourcecode.c.objc; path = "UIDevice+WJAdd.m"; sourceTree = "<group>"; };
		CCC7FB1F1E8B588A00B1152B /* WJCGUtilities.h */ = {isa = PBXFileReference; fileEncoding = 4; lastKnownFileType = sourcecode.c.h; path = WJCGUtilities.h; sourceTree = "<group>"; };
		CCC7FB201E8B588A00B1152B /* WJCGUtilities.m */ = {isa = PBXFileReference; fileEncoding = 4; lastKnownFileType = sourcecode.c.objc; path = WJCGUtilities.m; sourceTree = "<group>"; };
		CCD58C3D1E9DC94600A5D56D /* UIFont+WJAdd.h */ = {isa = PBXFileReference; fileEncoding = 4; lastKnownFileType = sourcecode.c.h; path = "UIFont+WJAdd.h"; sourceTree = "<group>"; };
		CCD58C3E1E9DC94600A5D56D /* UIFont+WJAdd.m */ = {isa = PBXFileReference; fileEncoding = 4; lastKnownFileType = sourcecode.c.objc; path = "UIFont+WJAdd.m"; sourceTree = "<group>"; };
		CCEAC08A1E7BCF10008E456B /* UIImage+WJAdd.h */ = {isa = PBXFileReference; fileEncoding = 4; lastKnownFileType = sourcecode.c.h; path = "UIImage+WJAdd.h"; sourceTree = "<group>"; };
		CCEAC08B1E7BCF10008E456B /* UIImage+WJAdd.m */ = {isa = PBXFileReference; fileEncoding = 4; lastKnownFileType = sourcecode.c.objc; path = "UIImage+WJAdd.m"; sourceTree = "<group>"; };
		CCEAC0E51E7BDD97008E456B /* dribbble128_imageio.png */ = {isa = PBXFileReference; lastKnownFileType = image.png; path = dribbble128_imageio.png; sourceTree = "<group>"; };
		CCEAC0E61E7BDD97008E456B /* dribbble256_imageio.png */ = {isa = PBXFileReference; lastKnownFileType = image.png; path = dribbble256_imageio.png; sourceTree = "<group>"; };
		CCEAC0E71E7BDD97008E456B /* dribbble512_imageio.png */ = {isa = PBXFileReference; lastKnownFileType = image.png; path = dribbble512_imageio.png; sourceTree = "<group>"; };
		CCEAC0E81E7BDD97008E456B /* dribbble64_imageio.png */ = {isa = PBXFileReference; lastKnownFileType = image.png; path = dribbble64_imageio.png; sourceTree = "<group>"; };
		CCEAC0E91E7BDD97008E456B /* ermilio.gif */ = {isa = PBXFileReference; lastKnownFileType = image.gif; path = ermilio.gif; sourceTree = "<group>"; };
		CCEAC0EA1E7BDD97008E456B /* ermilio.png */ = {isa = PBXFileReference; lastKnownFileType = image.png; path = ermilio.png; sourceTree = "<group>"; };
		CCEAC0EB1E7BDD97008E456B /* ermilio_lossless.bpg */ = {isa = PBXFileReference; lastKnownFileType = file; path = ermilio_lossless.bpg; sourceTree = "<group>"; };
		CCEAC0EC1E7BDD97008E456B /* ermilio_lossless.webp */ = {isa = PBXFileReference; lastKnownFileType = file; path = ermilio_lossless.webp; sourceTree = "<group>"; };
		CCEAC0ED1E7BDD97008E456B /* ermilio_q15.bpg */ = {isa = PBXFileReference; lastKnownFileType = file; path = ermilio_q15.bpg; sourceTree = "<group>"; };
		CCEAC0EE1E7BDD97008E456B /* ermilio_q20.bpg */ = {isa = PBXFileReference; lastKnownFileType = file; path = ermilio_q20.bpg; sourceTree = "<group>"; };
		CCEAC0EF1E7BDD97008E456B /* ermilio_q85.webp */ = {isa = PBXFileReference; lastKnownFileType = file; path = ermilio_q85.webp; sourceTree = "<group>"; };
		CCEAC0F01E7BDD97008E456B /* ermilio_q90.webp */ = {isa = PBXFileReference; lastKnownFileType = file; path = ermilio_q90.webp; sourceTree = "<group>"; };
		CCEAC0F11E7BDD97008E456B /* cube@2x.png */ = {isa = PBXFileReference; lastKnownFileType = image.png; path = "cube@2x.png"; sourceTree = "<group>"; };
		CCEAC0F21E7BDD97008E456B /* EmoticonQQ.bundle */ = {isa = PBXFileReference; lastKnownFileType = "wrapper.plug-in"; path = EmoticonQQ.bundle; sourceTree = "<group>"; };
		CCEAC0F31E7BDD97008E456B /* EmoticonWeibo.bundle */ = {isa = PBXFileReference; lastKnownFileType = "wrapper.plug-in"; path = EmoticonWeibo.bundle; sourceTree = "<group>"; };
		CCEAC0F41E7BDD97008E456B /* google@2x.webp */ = {isa = PBXFileReference; lastKnownFileType = file; path = "google@2x.webp"; sourceTree = "<group>"; };
		CCEAC0F51E7BDD97008E456B /* mew_baseline.gif */ = {isa = PBXFileReference; lastKnownFileType = image.gif; path = mew_baseline.gif; sourceTree = "<group>"; };
		CCEAC0F61E7BDD97008E456B /* mew_baseline.jpg */ = {isa = PBXFileReference; lastKnownFileType = image.jpeg; path = mew_baseline.jpg; sourceTree = "<group>"; };
		CCEAC0F71E7BDD97008E456B /* mew_baseline.png */ = {isa = PBXFileReference; lastKnownFileType = image.png; path = mew_baseline.png; sourceTree = "<group>"; };
		CCEAC0F81E7BDD97008E456B /* mew_interlaced.gif */ = {isa = PBXFileReference; lastKnownFileType = image.gif; path = mew_interlaced.gif; sourceTree = "<group>"; };
		CCEAC0F91E7BDD97008E456B /* mew_interlaced.png */ = {isa = PBXFileReference; lastKnownFileType = image.png; path = mew_interlaced.png; sourceTree = "<group>"; };
		CCEAC0FA1E7BDD97008E456B /* mew_progressive.jpg */ = {isa = PBXFileReference; lastKnownFileType = image.jpeg; path = mew_progressive.jpg; sourceTree = "<group>"; };
		CCEAC0FB1E7BDD97008E456B /* niconiconi@2x.gif */ = {isa = PBXFileReference; lastKnownFileType = image.gif; path = "niconiconi@2x.gif"; sourceTree = "<group>"; };
		CCEAC0FC1E7BDD97008E456B /* nyancat@2x.webp */ = {isa = PBXFileReference; lastKnownFileType = file; path = "nyancat@2x.webp"; sourceTree = "<group>"; };
		CCEAC0FD1E7BDD97008E456B /* pia@2x.png */ = {isa = PBXFileReference; lastKnownFileType = image.png; path = "pia@2x.png"; sourceTree = "<group>"; };
		CCEAC0FE1E7BDD97008E456B /* ResourceTwitter.bundle */ = {isa = PBXFileReference; lastKnownFileType = "wrapper.plug-in"; path = ResourceTwitter.bundle; sourceTree = "<group>"; };
		CCEAC0FF1E7BDD97008E456B /* ResourceWeibo.bundle */ = {isa = PBXFileReference; lastKnownFileType = "wrapper.plug-in"; path = ResourceWeibo.bundle; sourceTree = "<group>"; };
		CCEAC1001E7BDD97008E456B /* Twitter@3x.jpg */ = {isa = PBXFileReference; lastKnownFileType = image.jpeg; path = "Twitter@3x.jpg"; sourceTree = "<group>"; };
		CCEAC1051E7BDD97008E456B /* wall-e@2x.webp */ = {isa = PBXFileReference; lastKnownFileType = file; path = "wall-e@2x.webp"; sourceTree = "<group>"; };
		CCEAC1061E7BDD97008E456B /* Weibo@3x.jpg */ = {isa = PBXFileReference; lastKnownFileType = image.jpeg; path = "Weibo@3x.jpg"; sourceTree = "<group>"; };
		CCEAC13A1E7BDDC8008E456B /* twitter_0.json */ = {isa = PBXFileReference; fileEncoding = 4; lastKnownFileType = text.json; path = twitter_0.json; sourceTree = "<group>"; };
		CCEAC13B1E7BDDC8008E456B /* twitter_1.json */ = {isa = PBXFileReference; fileEncoding = 4; lastKnownFileType = text.json; path = twitter_1.json; sourceTree = "<group>"; };
		CCEAC13C1E7BDDC8008E456B /* twitter_2.json */ = {isa = PBXFileReference; fileEncoding = 4; lastKnownFileType = text.json; path = twitter_2.json; sourceTree = "<group>"; };
		CCEAC13D1E7BDDC8008E456B /* twitter_3.json */ = {isa = PBXFileReference; fileEncoding = 4; lastKnownFileType = text.json; path = twitter_3.json; sourceTree = "<group>"; };
		CCEAC13E1E7BDDC8008E456B /* weibo_0.json */ = {isa = PBXFileReference; fileEncoding = 4; lastKnownFileType = text.json; path = weibo_0.json; sourceTree = "<group>"; };
		CCEAC13F1E7BDDC8008E456B /* weibo_1.json */ = {isa = PBXFileReference; fileEncoding = 4; lastKnownFileType = text.json; path = weibo_1.json; sourceTree = "<group>"; };
		CCEAC1401E7BDDC8008E456B /* weibo_2.json */ = {isa = PBXFileReference; fileEncoding = 4; lastKnownFileType = text.json; path = weibo_2.json; sourceTree = "<group>"; };
		CCEAC1411E7BDDC8008E456B /* weibo_3.json */ = {isa = PBXFileReference; fileEncoding = 4; lastKnownFileType = text.json; path = weibo_3.json; sourceTree = "<group>"; };
		CCEAC1421E7BDDC8008E456B /* weibo_4.json */ = {isa = PBXFileReference; fileEncoding = 4; lastKnownFileType = text.json; path = weibo_4.json; sourceTree = "<group>"; };
		CCEAC1431E7BDDC8008E456B /* weibo_5.json */ = {isa = PBXFileReference; fileEncoding = 4; lastKnownFileType = text.json; path = weibo_5.json; sourceTree = "<group>"; };
		CCEAC1441E7BDDC8008E456B /* weibo_6.json */ = {isa = PBXFileReference; fileEncoding = 4; lastKnownFileType = text.json; path = weibo_6.json; sourceTree = "<group>"; };
		CCEAC1451E7BDDC8008E456B /* weibo_7.json */ = {isa = PBXFileReference; fileEncoding = 4; lastKnownFileType = text.json; path = weibo_7.json; sourceTree = "<group>"; };
/* End PBXFileReference section */

/* Begin PBXFrameworksBuildPhase section */
		8B7A21F71E6D52040008727C /* Frameworks */ = {
			isa = PBXFrameworksBuildPhase;
			buildActionMask = 2147483647;
			files = (
				CC600CA21EA064BA007B2FA9 /* WebP.framework in Frameworks */,
				CC3F183E1E7A692600C711AD /* libz.tbd in Frameworks */,
			);
			runOnlyForDeploymentPostprocessing = 0;
		};
		8B7A22101E6D52040008727C /* Frameworks */ = {
			isa = PBXFrameworksBuildPhase;
			buildActionMask = 2147483647;
			files = (
			);
			runOnlyForDeploymentPostprocessing = 0;
		};
		8B7A221B1E6D52050008727C /* Frameworks */ = {
			isa = PBXFrameworksBuildPhase;
			buildActionMask = 2147483647;
			files = (
			);
			runOnlyForDeploymentPostprocessing = 0;
		};
/* End PBXFrameworksBuildPhase section */

/* Begin PBXGroup section */
		8B7A21F11E6D52040008727C = {
			isa = PBXGroup;
			children = (
				8B7A22331E6D530D0008727C /* WJKit */,
				8B7A21FC1E6D52040008727C /* WJKitDemo */,
				8B7A21FB1E6D52040008727C /* Products */,
				CC3F183C1E7A692600C711AD /* Frameworks */,
			);
			sourceTree = "<group>";
		};
		8B7A21FB1E6D52040008727C /* Products */ = {
			isa = PBXGroup;
			children = (
				8B7A21FA1E6D52040008727C /* WJKit.app */,
				8B7A22131E6D52040008727C /* WJKitTests.xctest */,
				8B7A221E1E6D52050008727C /* WJKitUITests.xctest */,
			);
			name = Products;
			sourceTree = "<group>";
		};
		8B7A21FC1E6D52040008727C /* WJKitDemo */ = {
			isa = PBXGroup;
			children = (
				8B7A22001E6D52040008727C /* AppDelegate.h */,
				8B7A22011E6D52040008727C /* AppDelegate.m */,
				8B7A22031E6D52040008727C /* ViewController.h */,
				8B7A22041E6D52040008727C /* ViewController.m */,
				CCEAC1391E7BDDA3008E456B /* JSONFiles */,
				CCEAC0E31E7BDD97008E456B /* Resources */,
				8B7A21FD1E6D52040008727C /* Supporting Files */,
			);
			path = WJKitDemo;
			sourceTree = "<group>";
		};
		8B7A21FD1E6D52040008727C /* Supporting Files */ = {
			isa = PBXGroup;
			children = (
				8B7A220B1E6D52040008727C /* LaunchScreen.storyboard */,
				8B7A22061E6D52040008727C /* Main.storyboard */,
				8B7A22091E6D52040008727C /* Assets.xcassets */,
				8B7A220E1E6D52040008727C /* Info.plist */,
				8B7A21FE1E6D52040008727C /* main.m */,
			);
			name = "Supporting Files";
			sourceTree = "<group>";
		};
		8B7A22331E6D530D0008727C /* WJKit */ = {
			isa = PBXGroup;
			children = (
				8B7A22341E6D530D0008727C /* Base */,
				CC525C251E9F9D55008CD9FB /* Image */,
				CC64A5EF1EAD9FC90002F3EE /* Utility */,
				CC600CA01EA064BA007B2FA9 /* Vendor */,
			);
			path = WJKit;
			sourceTree = "<group>";
		};
		8B7A22341E6D530D0008727C /* Base */ = {
			isa = PBXGroup;
			children = (
				8B2E82351E77DC2A008AECAB /* WJKitMacro.h */,
				8B7A22351E6D530D0008727C /* Foundation */,
				8B7A22371E6D530D0008727C /* UIKit */,
				8B7A22361E6D530D0008727C /* Quartz */,
			);
			path = Base;
			sourceTree = "<group>";
		};
		8B7A22351E6D530D0008727C /* Foundation */ = {
			isa = PBXGroup;
			children = (
				8B7A22381E6D53BC0008727C /* NSObject+WJAdd.h */,
				8B7A22391E6D53BC0008727C /* NSObject+WJAdd.m */,
				8B2E82361E77DDB4008AECAB /* NSObject+WJAddForKVO.h */,
				8B2E82371E77DDB4008AECAB /* NSObject+WJAddForKVO.m */,
				8B2E82391E77F60F008AECAB /* NSString+WJAdd.h */,
				8B2E823A1E77F60F008AECAB /* NSString+WJAdd.m */,
				8B2E823C1E781EFE008AECAB /* NSNumber+WJAdd.h */,
				8B2E823D1E781EFE008AECAB /* NSNumber+WJAdd.m */,
				8B2E823F1E781FF7008AECAB /* NSData+WJAdd.h */,
				8B2E82401E781FF7008AECAB /* NSData+WJAdd.m */,
				CC342C3A1E7964B9004EAA2F /* NSArray+WJAdd.h */,
				CC342C3B1E7964B9004EAA2F /* NSArray+WJAdd.m */,
				CC3F18361E7A2C8600C711AD /* NSDictionary+WJAdd.h */,
				CC3F18371E7A2C8600C711AD /* NSDictionary+WJAdd.m */,
				CC3F18391E7A345300C711AD /* NSDate+WJAdd.h */,
				CC3F183A1E7A345300C711AD /* NSDate+WJAdd.m */,
				CC525C2F1E9FAA1D008CD9FB /* NSBundle+WJAdd.h */,
				CC525C301E9FAA1D008CD9FB /* NSBundle+WJAdd.m */,
			);
			path = Foundation;
			sourceTree = "<group>";
		};
		8B7A22361E6D530D0008727C /* Quartz */ = {
			isa = PBXGroup;
			children = (
				CCC7FB1F1E8B588A00B1152B /* WJCGUtilities.h */,
				CCC7FB201E8B588A00B1152B /* WJCGUtilities.m */,
			);
			path = Quartz;
			sourceTree = "<group>";
		};
		8B7A22371E6D530D0008727C /* UIKit */ = {
			isa = PBXGroup;
			children = (
				8B6E61DC1E6D97BA001DAA39 /* UIViewController+WJAdd.h */,
				8B6E61DD1E6D97BA001DAA39 /* UIViewController+WJAdd.m */,
				CC3F183F1E7A7EB800C711AD /* UIView+WJAdd.h */,
				CC3F18401E7A7EB800C711AD /* UIView+WJAdd.m */,
				CC3F18421E7AB46D00C711AD /* UIColor+WJAdd.h */,
				CC3F18431E7AB46D00C711AD /* UIColor+WJAdd.m */,
				CCEAC08A1E7BCF10008E456B /* UIImage+WJAdd.h */,
				CCEAC08B1E7BCF10008E456B /* UIImage+WJAdd.m */,
				CC59CCB51E95DC0800D440F6 /* UIScrollView+WJAdd.h */,
				CC59CCB61E95DC0800D440F6 /* UIScrollView+WJAdd.m */,
				CC98B8221E972F6A0034FD81 /* UIDevice+WJAdd.h */,
				CC98B8231E972F6A0034FD81 /* UIDevice+WJAdd.m */,
				CC602ECE1E9CFC63000615E4 /* UIApplication+WJAdd.h */,
				CC602ECF1E9CFC63000615E4 /* UIApplication+WJAdd.m */,
				CCD58C3D1E9DC94600A5D56D /* UIFont+WJAdd.h */,
				CCD58C3E1E9DC94600A5D56D /* UIFont+WJAdd.m */,
			);
			path = UIKit;
			sourceTree = "<group>";
		};
		CC3F183C1E7A692600C711AD /* Frameworks */ = {
			isa = PBXGroup;
			children = (
				CC3F183D1E7A692600C711AD /* libz.tbd */,
			);
			name = Frameworks;
			sourceTree = "<group>";
		};
		CC525C251E9F9D55008CD9FB /* Image */ = {
			isa = PBXGroup;
			children = (
				CC525C261E9F9D85008CD9FB /* WJImage.h */,
				CC525C271E9F9D85008CD9FB /* WJImage.m */,
				CC525C2C1E9FA0B6008CD9FB /* WJAnimatedImageView.h */,
				CC525C2D1E9FA0B6008CD9FB /* WJAnimatedImageView.m */,
				CC525C321E9FAEC7008CD9FB /* WJImageCoder.h */,
				CC525C331E9FAEC7008CD9FB /* WJImageCoder.m */,
			);
			path = Image;
			sourceTree = "<group>";
		};
		CC600CA01EA064BA007B2FA9 /* Vendor */ = {
			isa = PBXGroup;
			children = (
				CC600CA11EA064BA007B2FA9 /* WebP.framework */,
			);
			path = Vendor;
			sourceTree = "<group>";
		};
		CC64A5EF1EAD9FC90002F3EE /* Utility */ = {
			isa = PBXGroup;
			children = (
				CC64A5F01EAD9FF10002F3EE /* WJWeakProxy.h */,
				CC64A5F11EAD9FF10002F3EE /* WJWeakProxy.m */,
			);
			path = Utility;
			sourceTree = "<group>";
		};
		CCEAC0E31E7BDD97008E456B /* Resources */ = {
			isa = PBXGroup;
			children = (
				CCEAC0E41E7BDD97008E456B /* Compare */,
				CCEAC0F11E7BDD97008E456B /* cube@2x.png */,
				CCEAC0F21E7BDD97008E456B /* EmoticonQQ.bundle */,
				CCEAC0F31E7BDD97008E456B /* EmoticonWeibo.bundle */,
				CCEAC0F41E7BDD97008E456B /* google@2x.webp */,
				CCEAC0F51E7BDD97008E456B /* mew_baseline.gif */,
				CCEAC0F61E7BDD97008E456B /* mew_baseline.jpg */,
				CCEAC0F71E7BDD97008E456B /* mew_baseline.png */,
				CCEAC0F81E7BDD97008E456B /* mew_interlaced.gif */,
				CCEAC0F91E7BDD97008E456B /* mew_interlaced.png */,
				CC4EFF621E8FB07500BD9E30 /* two_cat@3x.png */,
				CCEAC0FA1E7BDD97008E456B /* mew_progressive.jpg */,
				CCEAC0FB1E7BDD97008E456B /* niconiconi@2x.gif */,
				CCEAC0FC1E7BDD97008E456B /* nyancat@2x.webp */,
				CCEAC0FD1E7BDD97008E456B /* pia@2x.png */,
				CCEAC0FE1E7BDD97008E456B /* ResourceTwitter.bundle */,
				CCEAC0FF1E7BDD97008E456B /* ResourceWeibo.bundle */,
				CCEAC1001E7BDD97008E456B /* Twitter@3x.jpg */,
				CCEAC1051E7BDD97008E456B /* wall-e@2x.webp */,
				CCEAC1061E7BDD97008E456B /* Weibo@3x.jpg */,
			);
			path = Resources;
			sourceTree = "<group>";
		};
		CCEAC0E41E7BDD97008E456B /* Compare */ = {
			isa = PBXGroup;
			children = (
				CCEAC0E51E7BDD97008E456B /* dribbble128_imageio.png */,
				CCEAC0E61E7BDD97008E456B /* dribbble256_imageio.png */,
				CCEAC0E71E7BDD97008E456B /* dribbble512_imageio.png */,
				CCEAC0E81E7BDD97008E456B /* dribbble64_imageio.png */,
				CCEAC0E91E7BDD97008E456B /* ermilio.gif */,
				CCEAC0EA1E7BDD97008E456B /* ermilio.png */,
				CCEAC0EB1E7BDD97008E456B /* ermilio_lossless.bpg */,
				CCEAC0EC1E7BDD97008E456B /* ermilio_lossless.webp */,
				CCEAC0ED1E7BDD97008E456B /* ermilio_q15.bpg */,
				CCEAC0EE1E7BDD97008E456B /* ermilio_q20.bpg */,
				CCEAC0EF1E7BDD97008E456B /* ermilio_q85.webp */,
				CCEAC0F01E7BDD97008E456B /* ermilio_q90.webp */,
			);
			path = Compare;
			sourceTree = "<group>";
		};
		CCEAC1391E7BDDA3008E456B /* JSONFiles */ = {
			isa = PBXGroup;
			children = (
				CCEAC13A1E7BDDC8008E456B /* twitter_0.json */,
				CCEAC13B1E7BDDC8008E456B /* twitter_1.json */,
				CCEAC13C1E7BDDC8008E456B /* twitter_2.json */,
				CCEAC13D1E7BDDC8008E456B /* twitter_3.json */,
				CCEAC13E1E7BDDC8008E456B /* weibo_0.json */,
				CCEAC13F1E7BDDC8008E456B /* weibo_1.json */,
				CCEAC1401E7BDDC8008E456B /* weibo_2.json */,
				CCEAC1411E7BDDC8008E456B /* weibo_3.json */,
				CCEAC1421E7BDDC8008E456B /* weibo_4.json */,
				CCEAC1431E7BDDC8008E456B /* weibo_5.json */,
				CCEAC1441E7BDDC8008E456B /* weibo_6.json */,
				CCEAC1451E7BDDC8008E456B /* weibo_7.json */,
			);
			path = JSONFiles;
			sourceTree = "<group>";
		};
/* End PBXGroup section */

/* Begin PBXNativeTarget section */
		8B7A21F91E6D52040008727C /* WJKit */ = {
			isa = PBXNativeTarget;
			buildConfigurationList = 8B7A22271E6D52050008727C /* Build configuration list for PBXNativeTarget "WJKit" */;
			buildPhases = (
				8B7A21F61E6D52040008727C /* Sources */,
				8B7A21F71E6D52040008727C /* Frameworks */,
				8B7A21F81E6D52040008727C /* Resources */,
			);
			buildRules = (
			);
			dependencies = (
			);
			name = WJKit;
			productName = WJKit;
			productReference = 8B7A21FA1E6D52040008727C /* WJKit.app */;
			productType = "com.apple.product-type.application";
		};
		8B7A22121E6D52040008727C /* WJKitTests */ = {
			isa = PBXNativeTarget;
			buildConfigurationList = 8B7A222A1E6D52050008727C /* Build configuration list for PBXNativeTarget "WJKitTests" */;
			buildPhases = (
				8B7A220F1E6D52040008727C /* Sources */,
				8B7A22101E6D52040008727C /* Frameworks */,
				8B7A22111E6D52040008727C /* Resources */,
			);
			buildRules = (
			);
			dependencies = (
				8B7A22151E6D52040008727C /* PBXTargetDependency */,
			);
			name = WJKitTests;
			productName = WJKitTests;
			productReference = 8B7A22131E6D52040008727C /* WJKitTests.xctest */;
			productType = "com.apple.product-type.bundle.unit-test";
		};
		8B7A221D1E6D52050008727C /* WJKitUITests */ = {
			isa = PBXNativeTarget;
			buildConfigurationList = 8B7A222D1E6D52050008727C /* Build configuration list for PBXNativeTarget "WJKitUITests" */;
			buildPhases = (
				8B7A221A1E6D52050008727C /* Sources */,
				8B7A221B1E6D52050008727C /* Frameworks */,
				8B7A221C1E6D52050008727C /* Resources */,
			);
			buildRules = (
			);
			dependencies = (
				8B7A22201E6D52050008727C /* PBXTargetDependency */,
			);
			name = WJKitUITests;
			productName = WJKitUITests;
			productReference = 8B7A221E1E6D52050008727C /* WJKitUITests.xctest */;
			productType = "com.apple.product-type.bundle.ui-testing";
		};
/* End PBXNativeTarget section */

/* Begin PBXProject section */
		8B7A21F21E6D52040008727C /* Project object */ = {
			isa = PBXProject;
			attributes = {
				LastUpgradeCheck = 0800;
				ORGANIZATIONNAME = XHJ;
				TargetAttributes = {
					8B7A21F91E6D52040008727C = {
						CreatedOnToolsVersion = 8.0;
						DevelopmentTeam = ZYTPM95J44;
						ProvisioningStyle = Automatic;
					};
					8B7A22121E6D52040008727C = {
						CreatedOnToolsVersion = 8.0;
						DevelopmentTeam = ZYTPM95J44;
						ProvisioningStyle = Automatic;
						TestTargetID = 8B7A21F91E6D52040008727C;
					};
					8B7A221D1E6D52050008727C = {
						CreatedOnToolsVersion = 8.0;
						DevelopmentTeam = ZYTPM95J44;
						ProvisioningStyle = Automatic;
						TestTargetID = 8B7A21F91E6D52040008727C;
					};
				};
			};
			buildConfigurationList = 8B7A21F51E6D52040008727C /* Build configuration list for PBXProject "WJKit" */;
			compatibilityVersion = "Xcode 3.2";
			developmentRegion = English;
			hasScannedForEncodings = 0;
			knownRegions = (
				en,
				Base,
			);
			mainGroup = 8B7A21F11E6D52040008727C;
			productRefGroup = 8B7A21FB1E6D52040008727C /* Products */;
			projectDirPath = "";
			projectRoot = "";
			targets = (
				8B7A21F91E6D52040008727C /* WJKit */,
				8B7A22121E6D52040008727C /* WJKitTests */,
				8B7A221D1E6D52050008727C /* WJKitUITests */,
			);
		};
/* End PBXProject section */

/* Begin PBXResourcesBuildPhase section */
		8B7A21F81E6D52040008727C /* Resources */ = {
			isa = PBXResourcesBuildPhase;
			buildActionMask = 2147483647;
			files = (
				CCEAC1461E7BDDC8008E456B /* twitter_0.json in Resources */,
				CCEAC10F1E7BDD97008E456B /* dribbble128_imageio.png in Resources */,
				CCEAC1131E7BDD97008E456B /* ermilio.gif in Resources */,
				CCEAC11B1E7BDD97008E456B /* cube@2x.png in Resources */,
				CCEAC1211E7BDD97008E456B /* mew_baseline.png in Resources */,
				CC4EFF631E8FB07500BD9E30 /* two_cat@3x.png in Resources */,
				CCEAC1101E7BDD97008E456B /* dribbble256_imageio.png in Resources */,
				CCEAC11F1E7BDD97008E456B /* mew_baseline.gif in Resources */,
				CCEAC1271E7BDD97008E456B /* pia@2x.png in Resources */,
				CCEAC12F1E7BDD97008E456B /* wall-e@2x.webp in Resources */,
				CCEAC1181E7BDD97008E456B /* ermilio_q20.bpg in Resources */,
				CCEAC14D1E7BDDC8008E456B /* weibo_3.json in Resources */,
				CCEAC14B1E7BDDC8008E456B /* weibo_1.json in Resources */,
				CCEAC14E1E7BDDC8008E456B /* weibo_4.json in Resources */,
				CCEAC1231E7BDD97008E456B /* mew_interlaced.png in Resources */,
				8B7A220D1E6D52040008727C /* LaunchScreen.storyboard in Resources */,
				CCEAC1121E7BDD97008E456B /* dribbble64_imageio.png in Resources */,
				CCEAC1291E7BDD97008E456B /* ResourceWeibo.bundle in Resources */,
				CCEAC14C1E7BDDC8008E456B /* weibo_2.json in Resources */,
				CCEAC1221E7BDD97008E456B /* mew_interlaced.gif in Resources */,
				CCEAC11A1E7BDD97008E456B /* ermilio_q90.webp in Resources */,
				CCEAC1511E7BDDC8008E456B /* weibo_7.json in Resources */,
				CCEAC1161E7BDD97008E456B /* ermilio_lossless.webp in Resources */,
				CCEAC1481E7BDDC8008E456B /* twitter_2.json in Resources */,
				CCEAC14F1E7BDDC8008E456B /* weibo_5.json in Resources */,
				CCEAC1141E7BDD97008E456B /* ermilio.png in Resources */,
				CCEAC14A1E7BDDC8008E456B /* weibo_0.json in Resources */,
				CCEAC1501E7BDDC8008E456B /* weibo_6.json in Resources */,
				CCEAC1301E7BDD97008E456B /* Weibo@3x.jpg in Resources */,
				8B7A220A1E6D52040008727C /* Assets.xcassets in Resources */,
				CCEAC1171E7BDD97008E456B /* ermilio_q15.bpg in Resources */,
				CCEAC1191E7BDD97008E456B /* ermilio_q85.webp in Resources */,
				CCEAC11E1E7BDD97008E456B /* google@2x.webp in Resources */,
				8B7A22081E6D52040008727C /* Main.storyboard in Resources */,
				CCEAC1241E7BDD97008E456B /* mew_progressive.jpg in Resources */,
				CCEAC11D1E7BDD97008E456B /* EmoticonWeibo.bundle in Resources */,
				CCEAC1491E7BDDC8008E456B /* twitter_3.json in Resources */,
				CCEAC1151E7BDD97008E456B /* ermilio_lossless.bpg in Resources */,
				CCEAC1201E7BDD97008E456B /* mew_baseline.jpg in Resources */,
				CCEAC1261E7BDD97008E456B /* nyancat@2x.webp in Resources */,
				CCEAC11C1E7BDD97008E456B /* EmoticonQQ.bundle in Resources */,
				CCEAC12A1E7BDD97008E456B /* Twitter@3x.jpg in Resources */,
				CCEAC1111E7BDD97008E456B /* dribbble512_imageio.png in Resources */,
				CCEAC1471E7BDDC8008E456B /* twitter_1.json in Resources */,
				CCEAC1251E7BDD97008E456B /* niconiconi@2x.gif in Resources */,
				CCEAC1281E7BDD97008E456B /* ResourceTwitter.bundle in Resources */,
			);
			runOnlyForDeploymentPostprocessing = 0;
		};
		8B7A22111E6D52040008727C /* Resources */ = {
			isa = PBXResourcesBuildPhase;
			buildActionMask = 2147483647;
			files = (
			);
			runOnlyForDeploymentPostprocessing = 0;
		};
		8B7A221C1E6D52050008727C /* Resources */ = {
			isa = PBXResourcesBuildPhase;
			buildActionMask = 2147483647;
			files = (
			);
			runOnlyForDeploymentPostprocessing = 0;
		};
/* End PBXResourcesBuildPhase section */

/* Begin PBXSourcesBuildPhase section */
		8B7A21F61E6D52040008727C /* Sources */ = {
			isa = PBXSourcesBuildPhase;
			buildActionMask = 2147483647;
			files = (
				8B2E823B1E77F60F008AECAB /* NSString+WJAdd.m in Sources */,
				CCC7FB211E8B588A00B1152B /* WJCGUtilities.m in Sources */,
				CC64A5F21EAD9FF10002F3EE /* WJWeakProxy.m in Sources */,
				CC525C311E9FAA1D008CD9FB /* NSBundle+WJAdd.m in Sources */,
				8B7A223A1E6D53BC0008727C /* NSObject+WJAdd.m in Sources */,
				CCD58C3F1E9DC94600A5D56D /* UIFont+WJAdd.m in Sources */,
				CC525C281E9F9D85008CD9FB /* WJImage.m in Sources */,
				8B2E823E1E781EFE008AECAB /* NSNumber+WJAdd.m in Sources */,
				CC3F18381E7A2C8600C711AD /* NSDictionary+WJAdd.m in Sources */,
				CC3F18441E7AB46D00C711AD /* UIColor+WJAdd.m in Sources */,
				8B2E82381E77DDB4008AECAB /* NSObject+WJAddForKVO.m in Sources */,
				CC525C341E9FAEC7008CD9FB /* WJImageCoder.m in Sources */,
				8B7A22051E6D52040008727C /* ViewController.m in Sources */,
				8B2E82411E781FF7008AECAB /* NSData+WJAdd.m in Sources */,
				CC602ED01E9CFC63000615E4 /* UIApplication+WJAdd.m in Sources */,
				CC525C2E1E9FA0B6008CD9FB /* WJAnimatedImageView.m in Sources */,
				CCEAC08C1E7BCF10008E456B /* UIImage+WJAdd.m in Sources */,
				8B7A22021E6D52040008727C /* AppDelegate.m in Sources */,
				CC342C3C1E7964B9004EAA2F /* NSArray+WJAdd.m in Sources */,
				CC59CCB71E95DC0800D440F6 /* UIScrollView+WJAdd.m in Sources */,
				CC3F183B1E7A345300C711AD /* NSDate+WJAdd.m in Sources */,
				CC98B8241E972F6A0034FD81 /* UIDevice+WJAdd.m in Sources */,
				8B6E61DE1E6D97BA001DAA39 /* UIViewController+WJAdd.m in Sources */,
				CC3F18411E7A7EB800C711AD /* UIView+WJAdd.m in Sources */,
				8B7A21FF1E6D52040008727C /* main.m in Sources */,
			);
			runOnlyForDeploymentPostprocessing = 0;
		};
		8B7A220F1E6D52040008727C /* Sources */ = {
			isa = PBXSourcesBuildPhase;
			buildActionMask = 2147483647;
			files = (
			);
			runOnlyForDeploymentPostprocessing = 0;
		};
		8B7A221A1E6D52050008727C /* Sources */ = {
			isa = PBXSourcesBuildPhase;
			buildActionMask = 2147483647;
			files = (
			);
			runOnlyForDeploymentPostprocessing = 0;
		};
/* End PBXSourcesBuildPhase section */

/* Begin PBXTargetDependency section */
		8B7A22151E6D52040008727C /* PBXTargetDependency */ = {
			isa = PBXTargetDependency;
			target = 8B7A21F91E6D52040008727C /* WJKit */;
			targetProxy = 8B7A22141E6D52040008727C /* PBXContainerItemProxy */;
		};
		8B7A22201E6D52050008727C /* PBXTargetDependency */ = {
			isa = PBXTargetDependency;
			target = 8B7A21F91E6D52040008727C /* WJKit */;
			targetProxy = 8B7A221F1E6D52050008727C /* PBXContainerItemProxy */;
		};
/* End PBXTargetDependency section */

/* Begin PBXVariantGroup section */
		8B7A22061E6D52040008727C /* Main.storyboard */ = {
			isa = PBXVariantGroup;
			children = (
				8B7A22071E6D52040008727C /* Base */,
			);
			name = Main.storyboard;
			sourceTree = "<group>";
		};
		8B7A220B1E6D52040008727C /* LaunchScreen.storyboard */ = {
			isa = PBXVariantGroup;
			children = (
				8B7A220C1E6D52040008727C /* Base */,
			);
			name = LaunchScreen.storyboard;
			sourceTree = "<group>";
		};
/* End PBXVariantGroup section */

/* Begin XCBuildConfiguration section */
		8B7A22251E6D52050008727C /* Debug */ = {
			isa = XCBuildConfiguration;
			buildSettings = {
				ALWAYS_SEARCH_USER_PATHS = NO;
				CLANG_ANALYZER_NONNULL = YES;
				CLANG_CXX_LANGUAGE_STANDARD = "gnu++0x";
				CLANG_CXX_LIBRARY = "libc++";
				CLANG_ENABLE_MODULES = YES;
				CLANG_ENABLE_OBJC_ARC = YES;
				CLANG_WARN_BOOL_CONVERSION = YES;
				CLANG_WARN_CONSTANT_CONVERSION = YES;
				CLANG_WARN_DIRECT_OBJC_ISA_USAGE = YES_ERROR;
				CLANG_WARN_DOCUMENTATION_COMMENTS = YES;
				CLANG_WARN_EMPTY_BODY = YES;
				CLANG_WARN_ENUM_CONVERSION = YES;
				CLANG_WARN_INFINITE_RECURSION = YES;
				CLANG_WARN_INT_CONVERSION = YES;
				CLANG_WARN_OBJC_ROOT_CLASS = YES_ERROR;
				CLANG_WARN_SUSPICIOUS_MOVES = YES;
				CLANG_WARN_UNREACHABLE_CODE = YES;
				CLANG_WARN__DUPLICATE_METHOD_MATCH = YES;
				"CODE_SIGN_IDENTITY[sdk=iphoneos*]" = "iPhone Developer";
				COPY_PHASE_STRIP = NO;
				DEBUG_INFORMATION_FORMAT = dwarf;
				ENABLE_STRICT_OBJC_MSGSEND = YES;
				ENABLE_TESTABILITY = YES;
				GCC_C_LANGUAGE_STANDARD = gnu99;
				GCC_DYNAMIC_NO_PIC = NO;
				GCC_NO_COMMON_BLOCKS = YES;
				GCC_OPTIMIZATION_LEVEL = 0;
				GCC_PREPROCESSOR_DEFINITIONS = (
					"DEBUG=1",
					"$(inherited)",
				);
				GCC_WARN_64_TO_32_BIT_CONVERSION = YES;
				GCC_WARN_ABOUT_RETURN_TYPE = YES_ERROR;
				GCC_WARN_UNDECLARED_SELECTOR = YES;
				GCC_WARN_UNINITIALIZED_AUTOS = YES_AGGRESSIVE;
				GCC_WARN_UNUSED_FUNCTION = YES;
				GCC_WARN_UNUSED_VARIABLE = YES;
				IPHONEOS_DEPLOYMENT_TARGET = 10.0;
				MTL_ENABLE_DEBUG_INFO = YES;
				ONLY_ACTIVE_ARCH = YES;
				SDKROOT = iphoneos;
				TARGETED_DEVICE_FAMILY = "1,2";
			};
			name = Debug;
		};
		8B7A22261E6D52050008727C /* Release */ = {
			isa = XCBuildConfiguration;
			buildSettings = {
				ALWAYS_SEARCH_USER_PATHS = NO;
				CLANG_ANALYZER_NONNULL = YES;
				CLANG_CXX_LANGUAGE_STANDARD = "gnu++0x";
				CLANG_CXX_LIBRARY = "libc++";
				CLANG_ENABLE_MODULES = YES;
				CLANG_ENABLE_OBJC_ARC = YES;
				CLANG_WARN_BOOL_CONVERSION = YES;
				CLANG_WARN_CONSTANT_CONVERSION = YES;
				CLANG_WARN_DIRECT_OBJC_ISA_USAGE = YES_ERROR;
				CLANG_WARN_DOCUMENTATION_COMMENTS = YES;
				CLANG_WARN_EMPTY_BODY = YES;
				CLANG_WARN_ENUM_CONVERSION = YES;
				CLANG_WARN_INFINITE_RECURSION = YES;
				CLANG_WARN_INT_CONVERSION = YES;
				CLANG_WARN_OBJC_ROOT_CLASS = YES_ERROR;
				CLANG_WARN_SUSPICIOUS_MOVES = YES;
				CLANG_WARN_UNREACHABLE_CODE = YES;
				CLANG_WARN__DUPLICATE_METHOD_MATCH = YES;
				"CODE_SIGN_IDENTITY[sdk=iphoneos*]" = "iPhone Developer";
				COPY_PHASE_STRIP = NO;
				DEBUG_INFORMATION_FORMAT = "dwarf-with-dsym";
				ENABLE_NS_ASSERTIONS = NO;
				ENABLE_STRICT_OBJC_MSGSEND = YES;
				GCC_C_LANGUAGE_STANDARD = gnu99;
				GCC_NO_COMMON_BLOCKS = YES;
				GCC_WARN_64_TO_32_BIT_CONVERSION = YES;
				GCC_WARN_ABOUT_RETURN_TYPE = YES_ERROR;
				GCC_WARN_UNDECLARED_SELECTOR = YES;
				GCC_WARN_UNINITIALIZED_AUTOS = YES_AGGRESSIVE;
				GCC_WARN_UNUSED_FUNCTION = YES;
				GCC_WARN_UNUSED_VARIABLE = YES;
				IPHONEOS_DEPLOYMENT_TARGET = 10.0;
				MTL_ENABLE_DEBUG_INFO = NO;
				SDKROOT = iphoneos;
				TARGETED_DEVICE_FAMILY = "1,2";
				VALIDATE_PRODUCT = YES;
			};
			name = Release;
		};
		8B7A22281E6D52050008727C /* Debug */ = {
			isa = XCBuildConfiguration;
			buildSettings = {
				ASSETCATALOG_COMPILER_APPICON_NAME = AppIcon;
				DEVELOPMENT_TEAM = ZYTPM95J44;
				FRAMEWORK_SEARCH_PATHS = (
					"$(inherited)",
					"$(PROJECT_DIR)/WJKit/Image",
					"$(PROJECT_DIR)",
					"$(PROJECT_DIR)/WJKit/Vendor",
				);
				INFOPLIST_FILE = "$(SRCROOT)/WJKitDemo/Info.plist";
				IPHONEOS_DEPLOYMENT_TARGET = 7.0;
				LD_RUNPATH_SEARCH_PATHS = "$(inherited) @executable_path/Frameworks";
				PRODUCT_BUNDLE_IDENTIFIER = com.XHJ.WJKit;
				PRODUCT_NAME = "$(TARGET_NAME)";
			};
			name = Debug;
		};
		8B7A22291E6D52050008727C /* Release */ = {
			isa = XCBuildConfiguration;
			buildSettings = {
				ASSETCATALOG_COMPILER_APPICON_NAME = AppIcon;
				DEVELOPMENT_TEAM = ZYTPM95J44;
				FRAMEWORK_SEARCH_PATHS = (
					"$(inherited)",
					"$(PROJECT_DIR)/WJKit/Image",
					"$(PROJECT_DIR)",
					"$(PROJECT_DIR)/WJKit/Vendor",
				);
				INFOPLIST_FILE = "$(SRCROOT)/WJKitDemo/Info.plist";
				IPHONEOS_DEPLOYMENT_TARGET = 7.0;
				LD_RUNPATH_SEARCH_PATHS = "$(inherited) @executable_path/Frameworks";
				PRODUCT_BUNDLE_IDENTIFIER = com.XHJ.WJKit;
				PRODUCT_NAME = "$(TARGET_NAME)";
			};
			name = Release;
		};
		8B7A222B1E6D52050008727C /* Debug */ = {
			isa = XCBuildConfiguration;
			buildSettings = {
				BUNDLE_LOADER = "$(TEST_HOST)";
				DEVELOPMENT_TEAM = ZYTPM95J44;
				INFOPLIST_FILE = WJKitTests/Info.plist;
				LD_RUNPATH_SEARCH_PATHS = "$(inherited) @executable_path/Frameworks @loader_path/Frameworks";
				PRODUCT_BUNDLE_IDENTIFIER = com.XHJ.WJKitTests;
				PRODUCT_NAME = "$(TARGET_NAME)";
				TEST_HOST = "$(BUILT_PRODUCTS_DIR)/WJKit.app/WJKit";
			};
			name = Debug;
		};
		8B7A222C1E6D52050008727C /* Release */ = {
			isa = XCBuildConfiguration;
			buildSettings = {
				BUNDLE_LOADER = "$(TEST_HOST)";
				DEVELOPMENT_TEAM = ZYTPM95J44;
				INFOPLIST_FILE = WJKitTests/Info.plist;
				LD_RUNPATH_SEARCH_PATHS = "$(inherited) @executable_path/Frameworks @loader_path/Frameworks";
				PRODUCT_BUNDLE_IDENTIFIER = com.XHJ.WJKitTests;
				PRODUCT_NAME = "$(TARGET_NAME)";
				TEST_HOST = "$(BUILT_PRODUCTS_DIR)/WJKit.app/WJKit";
			};
			name = Release;
		};
		8B7A222E1E6D52050008727C /* Debug */ = {
			isa = XCBuildConfiguration;
			buildSettings = {
				DEVELOPMENT_TEAM = ZYTPM95J44;
				INFOPLIST_FILE = WJKitUITests/Info.plist;
				LD_RUNPATH_SEARCH_PATHS = "$(inherited) @executable_path/Frameworks @loader_path/Frameworks";
				PRODUCT_BUNDLE_IDENTIFIER = com.XHJ.WJKitUITests;
				PRODUCT_NAME = "$(TARGET_NAME)";
				TEST_TARGET_NAME = WJKit;
			};
			name = Debug;
		};
		8B7A222F1E6D52050008727C /* Release */ = {
			isa = XCBuildConfiguration;
			buildSettings = {
				DEVELOPMENT_TEAM = ZYTPM95J44;
				INFOPLIST_FILE = WJKitUITests/Info.plist;
				LD_RUNPATH_SEARCH_PATHS = "$(inherited) @executable_path/Frameworks @loader_path/Frameworks";
				PRODUCT_BUNDLE_IDENTIFIER = com.XHJ.WJKitUITests;
				PRODUCT_NAME = "$(TARGET_NAME)";
				TEST_TARGET_NAME = WJKit;
			};
			name = Release;
		};
/* End XCBuildConfiguration section */

/* Begin XCConfigurationList section */
		8B7A21F51E6D52040008727C /* Build configuration list for PBXProject "WJKit" */ = {
			isa = XCConfigurationList;
			buildConfigurations = (
				8B7A22251E6D52050008727C /* Debug */,
				8B7A22261E6D52050008727C /* Release */,
			);
			defaultConfigurationIsVisible = 0;
			defaultConfigurationName = Release;
		};
		8B7A22271E6D52050008727C /* Build configuration list for PBXNativeTarget "WJKit" */ = {
			isa = XCConfigurationList;
			buildConfigurations = (
				8B7A22281E6D52050008727C /* Debug */,
				8B7A22291E6D52050008727C /* Release */,
			);
			defaultConfigurationIsVisible = 0;
			defaultConfigurationName = Release;
		};
		8B7A222A1E6D52050008727C /* Build configuration list for PBXNativeTarget "WJKitTests" */ = {
			isa = XCConfigurationList;
			buildConfigurations = (
				8B7A222B1E6D52050008727C /* Debug */,
				8B7A222C1E6D52050008727C /* Release */,
			);
			defaultConfigurationIsVisible = 0;
			defaultConfigurationName = Release;
		};
		8B7A222D1E6D52050008727C /* Build configuration list for PBXNativeTarget "WJKitUITests" */ = {
			isa = XCConfigurationList;
			buildConfigurations = (
				8B7A222E1E6D52050008727C /* Debug */,
				8B7A222F1E6D52050008727C /* Release */,
			);
			defaultConfigurationIsVisible = 0;
			defaultConfigurationName = Release;
		};
/* End XCConfigurationList section */
	};
	rootObject = 8B7A21F21E6D52040008727C /* Project object */;
}
